// !$*UTF8*$!
{
	archiveVersion = 1;
	classes = {
	};
	objectVersion = 46;
	objects = {

/* Begin PBXBuildFile section */
		E14884251A73280200723877 /* main.m in Sources */ = {isa = PBXBuildFile; fileRef = E14884241A73280200723877 /* main.m */; };
		E14884281A73280200723877 /* AppDelegate.m in Sources */ = {isa = PBXBuildFile; fileRef = E14884271A73280200723877 /* AppDelegate.m */; };
		E148842B1A73280300723877 /* ViewController.m in Sources */ = {isa = PBXBuildFile; fileRef = E148842A1A73280300723877 /* ViewController.m */; };
		E148842E1A73280300723877 /* Main.storyboard in Resources */ = {isa = PBXBuildFile; fileRef = E148842C1A73280300723877 /* Main.storyboard */; };
		E14884301A73280300723877 /* Images.xcassets in Resources */ = {isa = PBXBuildFile; fileRef = E148842F1A73280300723877 /* Images.xcassets */; };
		E14884331A73280300723877 /* LaunchScreen.xib in Resources */ = {isa = PBXBuildFile; fileRef = E14884311A73280300723877 /* LaunchScreen.xib */; };
		E148843F1A73280400723877 /* ToDoListTests.m in Sources */ = {isa = PBXBuildFile; fileRef = E148843E1A73280400723877 /* ToDoListTests.m */; };
/* End PBXBuildFile section */

/* Begin PBXContainerItemProxy section */
		E14884391A73280400723877 /* PBXContainerItemProxy */ = {
			isa = PBXContainerItemProxy;
			containerPortal = E14884171A73280100723877 /* Project object */;
			proxyType = 1;
			remoteGlobalIDString = E148841E1A73280200723877;
			remoteInfo = ToDoList;
		};
/* End PBXContainerItemProxy section */

/* Begin PBXFileReference section */
		E148841F1A73280200723877 /* ToDoList.app */ = {isa = PBXFileReference; explicitFileType = wrapper.application; includeInIndex = 0; path = ToDoList.app; sourceTree = BUILT_PRODUCTS_DIR; };
		E14884231A73280200723877 /* Info.plist */ = {isa = PBXFileReference; lastKnownFileType = text.plist.xml; path = Info.plist; sourceTree = "<group>"; };
		E14884241A73280200723877 /* main.m */ = {isa = PBXFileReference; lastKnownFileType = sourcecode.c.objc; path = main.m; sourceTree = "<group>"; };
		E14884261A73280200723877 /* AppDelegate.h */ = {isa = PBXFileReference; lastKnownFileType = sourcecode.c.h; path = AppDelegate.h; sourceTree = "<group>"; };
		E14884271A73280200723877 /* AppDelegate.m */ = {isa = PBXFileReference; lastKnownFileType = sourcecode.c.objc; path = AppDelegate.m; sourceTree = "<group>"; };
		E14884291A73280300723877 /* ViewController.h */ = {isa = PBXFileReference; lastKnownFileType = sourcecode.c.h; path = ViewController.h; sourceTree = "<group>"; };
		E148842A1A73280300723877 /* ViewController.m */ = {isa = PBXFileReference; lastKnownFileType = sourcecode.c.objc; path = ViewController.m; sourceTree = "<group>"; };
		E148842D1A73280300723877 /* Base */ = {isa = PBXFileReference; lastKnownFileType = file.storyboard; name = Base; path = Base.lproj/Main.storyboard; sourceTree = "<group>"; };
		E148842F1A73280300723877 /* Images.xcassets */ = {isa = PBXFileReference; lastKnownFileType = folder.assetcatalog; path = Images.xcassets; sourceTree = "<group>"; };
		E14884321A73280300723877 /* Base */ = {isa = PBXFileReference; lastKnownFileType = file.xib; name = Base; path = Base.lproj/LaunchScreen.xib; sourceTree = "<group>"; };
		E14884381A73280400723877 /* ToDoListTests.xctest */ = {isa = PBXFileReference; explicitFileType = wrapper.cfbundle; includeInIndex = 0; path = ToDoListTests.xctest; sourceTree = BUILT_PRODUCTS_DIR; };
		E148843D1A73280400723877 /* Info.plist */ = {isa = PBXFileReference; lastKnownFileType = text.plist.xml; path = Info.plist; sourceTree = "<group>"; };
		E148843E1A73280400723877 /* ToDoListTests.m */ = {isa = PBXFileReference; lastKnownFileType = sourcecode.c.objc; path = ToDoListTests.m; sourceTree = "<group>"; };
/* End PBXFileReference section */

/* Begin PBXFrameworksBuildPhase section */
		E148841C1A73280200723877 /* Frameworks */ = {
			isa = PBXFrameworksBuildPhase;
			buildActionMask = 2147483647;
			files = (
			);
			runOnlyForDeploymentPostprocessing = 0;
		};
		E14884351A73280400723877 /* Frameworks */ = {
			isa = PBXFrameworksBuildPhase;
			buildActionMask = 2147483647;
			files = (
			);
			runOnlyForDeploymentPostprocessing = 0;
		};
/* End PBXFrameworksBuildPhase section */

/* Begin PBXGroup section */
		E14884161A73280100723877 = {
			isa = PBXGroup;
			children = (
				E14884211A73280200723877 /* ToDoList */,
				E148843B1A73280400723877 /* ToDoListTests */,
				E14884201A73280200723877 /* Products */,
			);
			sourceTree = "<group>";
		};
		E14884201A73280200723877 /* Products */ = {
			isa = PBXGroup;
			children = (
				E148841F1A73280200723877 /* ToDoList.app */,
				E14884381A73280400723877 /* ToDoListTests.xctest */,
			);
			name = Products;
			sourceTree = "<group>";
		};
		E14884211A73280200723877 /* ToDoList */ = {
			isa = PBXGroup;
			children = (
				E14884261A73280200723877 /* AppDelegate.h */,
				E14884271A73280200723877 /* AppDelegate.m */,
				E14884291A73280300723877 /* ViewController.h */,
				E148842A1A73280300723877 /* ViewController.m */,
				E148842C1A73280300723877 /* Main.storyboard */,
				E148842F1A73280300723877 /* Images.xcassets */,
				E14884311A73280300723877 /* LaunchScreen.xib */,
				E14884221A73280200723877 /* Supporting Files */,
			);
			path = ToDoList;
			sourceTree = "<group>";
		};
		E14884221A73280200723877 /* Supporting Files */ = {
			isa = PBXGroup;
			children = (
				E14884231A73280200723877 /* Info.plist */,
				E14884241A73280200723877 /* main.m */,
			);
			name = "Supporting Files";
			sourceTree = "<group>";
		};
		E148843B1A73280400723877 /* ToDoListTests */ = {
			isa = PBXGroup;
			children = (
				E148843E1A73280400723877 /* ToDoListTests.m */,
				E148843C1A73280400723877 /* Supporting Files */,
			);
			path = ToDoListTests;
			sourceTree = "<group>";
		};
		E148843C1A73280400723877 /* Supporting Files */ = {
			isa = PBXGroup;
			children = (
				E148843D1A73280400723877 /* Info.plist */,
			);
			name = "Supporting Files";
			sourceTree = "<group>";
		};
/* End PBXGroup section */

/* Begin PBXNativeTarget section */
		E148841E1A73280200723877 /* ToDoList */ = {
			isa = PBXNativeTarget;
			buildConfigurationList = E14884421A73280400723877 /* Build configuration list for PBXNativeTarget "ToDoList" */;
			buildPhases = (
				E148841B1A73280200723877 /* Sources */,
				E148841C1A73280200723877 /* Frameworks */,
				E148841D1A73280200723877 /* Resources */,
			);
			buildRules = (
			);
			dependencies = (
			);
			name = ToDoList;
			productName = ToDoList;
			productReference = E148841F1A73280200723877 /* ToDoList.app */;
			productType = "com.apple.product-type.application";
		};
		E14884371A73280400723877 /* ToDoListTests */ = {
			isa = PBXNativeTarget;
			buildConfigurationList = E14884451A73280400723877 /* Build configuration list for PBXNativeTarget "ToDoListTests" */;
			buildPhases = (
				E14884341A73280400723877 /* Sources */,
				E14884351A73280400723877 /* Frameworks */,
				E14884361A73280400723877 /* Resources */,
			);
			buildRules = (
			);
			dependencies = (
				E148843A1A73280400723877 /* PBXTargetDependency */,
			);
			name = ToDoListTests;
			productName = ToDoListTests;
			productReference = E14884381A73280400723877 /* ToDoListTests.xctest */;
			productType = "com.apple.product-type.bundle.unit-test";
		};
/* End PBXNativeTarget section */

/* Begin PBXProject section */
		E14884171A73280100723877 /* Project object */ = {
			isa = PBXProject;
			attributes = {
				LastUpgradeCheck = 0610;
				ORGANIZATIONNAME = "Patrick Desmarais";
				TargetAttributes = {
					E148841E1A73280200723877 = {
						CreatedOnToolsVersion = 6.1.1;
					};
					E14884371A73280400723877 = {
						CreatedOnToolsVersion = 6.1.1;
						TestTargetID = E148841E1A73280200723877;
					};
				};
			};
			buildConfigurationList = E148841A1A73280100723877 /* Build configuration list for PBXProject "ToDoList" */;
			compatibilityVersion = "Xcode 3.2";
			developmentRegion = English;
			hasScannedForEncodings = 0;
			knownRegions = (
				en,
				Base,
			);
			mainGroup = E14884161A73280100723877;
			productRefGroup = E14884201A73280200723877 /* Products */;
			projectDirPath = "";
			projectRoot = "";
			targets = (
				E148841E1A73280200723877 /* ToDoList */,
				E14884371A73280400723877 /* ToDoListTests */,
			);
		};
/* End PBXProject section */

/* Begin PBXResourcesBuildPhase section */
		E148841D1A73280200723877 /* Resources */ = {
			isa = PBXResourcesBuildPhase;
			buildActionMask = 2147483647;
			files = (
				E148842E1A73280300723877 /* Main.storyboard in Resources */,
				E14884331A73280300723877 /* LaunchScreen.xib in Resources */,
				E14884301A73280300723877 /* Images.xcassets in Resources */,
			);
			runOnlyForDeploymentPostprocessing = 0;
		};
		E14884361A73280400723877 /* Resources */ = {
			isa = PBXResourcesBuildPhase;
			buildActionMask = 2147483647;
			files = (
			);
			runOnlyForDeploymentPostprocessing = 0;
		};
/* End PBXResourcesBuildPhase section */

/* Begin PBXSourcesBuildPhase section */
		E148841B1A73280200723877 /* Sources */ = {
			isa = PBXSourcesBuildPhase;
			buildActionMask = 2147483647;
			files = (
				E148842B1A73280300723877 /* ViewController.m in Sources */,
				E14884281A73280200723877 /* AppDelegate.m in Sources */,
				E14884251A73280200723877 /* main.m in Sources */,
			);
			runOnlyForDeploymentPostprocessing = 0;
		};
		E14884341A73280400723877 /* Sources */ = {
			isa = PBXSourcesBuildPhase;
			buildActionMask = 2147483647;
			files = (
				E148843F1A73280400723877 /* ToDoListTests.m in Sources */,
			);
			runOnlyForDeploymentPostprocessing = 0;
		};
/* End PBXSourcesBuildPhase section */

/* Begin PBXTargetDependency section */
		E148843A1A73280400723877 /* PBXTargetDependency */ = {
			isa = PBXTargetDependency;
			target = E148841E1A73280200723877 /* ToDoList */;
			targetProxy = E14884391A73280400723877 /* PBXContainerItemProxy */;
		};
/* End PBXTargetDependency section */

/* Begin PBXVariantGroup section */
		E148842C1A73280300723877 /* Main.storyboard */ = {
			isa = PBXVariantGroup;
			children = (
				E148842D1A73280300723877 /* Base */,
			);
			name = Main.storyboard;
			sourceTree = "<group>";
		};
		E14884311A73280300723877 /* LaunchScreen.xib */ = {
			isa = PBXVariantGroup;
			children = (
				E14884321A73280300723877 /* Base */,
			);
			name = LaunchScreen.xib;
			sourceTree = "<group>";
		};
/* End PBXVariantGroup section */

/* Begin XCBuildConfiguration section */
		E14884401A73280400723877 /* Debug */ = {
			isa = XCBuildConfiguration;
			buildSettings = {
				ALWAYS_SEARCH_USER_PATHS = NO;
				CLANG_CXX_LANGUAGE_STANDARD = "gnu++0x";
				CLANG_CXX_LIBRARY = "libc++";
				CLANG_ENABLE_MODULES = YES;
				CLANG_ENABLE_OBJC_ARC = YES;
				CLANG_WARN_BOOL_CONVERSION = YES;
				CLANG_WARN_CONSTANT_CONVERSION = YES;
				CLANG_WARN_DIRECT_OBJC_ISA_USAGE = YES_ERROR;
				CLANG_WARN_EMPTY_BODY = YES;
				CLANG_WARN_ENUM_CONVERSION = YES;
				CLANG_WARN_INT_CONVERSION = YES;
				CLANG_WARN_OBJC_ROOT_CLASS = YES_ERROR;
				CLANG_WARN_UNREACHABLE_CODE = YES;
				CLANG_WARN__DUPLICATE_METHOD_MATCH = YES;
				"CODE_SIGN_IDENTITY[sdk=iphoneos*]" = "iPhone Developer";
				COPY_PHASE_STRIP = NO;
				ENABLE_STRICT_OBJC_MSGSEND = YES;
				GCC_C_LANGUAGE_STANDARD = gnu99;
				GCC_DYNAMIC_NO_PIC = NO;
				GCC_OPTIMIZATION_LEVEL = 0;
				GCC_PREPROCESSOR_DEFINITIONS = (
					"DEBUG=1",
					"$(inherited)",
				);
				GCC_SYMBOLS_PRIVATE_EXTERN = NO;
				GCC_WARN_64_TO_32_BIT_CONVERSION = YES;
				GCC_WARN_ABOUT_RETURN_TYPE = YES_ERROR;
				GCC_WARN_UNDECLARED_SELECTOR = YES;
				GCC_WARN_UNINITIALIZED_AUTOS = YES_AGGRESSIVE;
				GCC_WARN_UNUSED_FUNCTION = YES;
				GCC_WARN_UNUSED_VARIABLE = YES;
				IPHONEOS_DEPLOYMENT_TARGET = 8.1;
				MTL_ENABLE_DEBUG_INFO = YES;
				ONLY_ACTIVE_ARCH = YES;
				SDKROOT = iphoneos;
				TARGETED_DEVICE_FAMILY = "1,2";
			};
			name = Debug;
		};
		E14884411A73280400723877 /* Release */ = {
			isa = XCBuildConfiguration;
			buildSettings = {
				ALWAYS_SEARCH_USER_PATHS = NO;
				CLANG_CXX_LANGUAGE_STANDARD = "gnu++0x";
				CLANG_CXX_LIBRARY = "libc++";
				CLANG_ENABLE_MODULES = YES;
				CLANG_ENABLE_OBJC_ARC = YES;
				CLANG_WARN_BOOL_CONVERSION = YES;
				CLANG_WARN_CONSTANT_CONVERSION = YES;
				CLANG_WARN_DIRECT_OBJC_ISA_USAGE = YES_ERROR;
				CLANG_WARN_EMPTY_BODY = YES;
				CLANG_WARN_ENUM_CONVERSION = YES;
				CLANG_WARN_INT_CONVERSION = YES;
				CLANG_WARN_OBJC_ROOT_CLASS = YES_ERROR;
				CLANG_WARN_UNREACHABLE_CODE = YES;
				CLANG_WARN__DUPLICATE_METHOD_MATCH = YES;
				"CODE_SIGN_IDENTITY[sdk=iphoneos*]" = "iPhone Developer";
				COPY_PHASE_STRIP = YES;
				ENABLE_NS_ASSERTIONS = NO;
				ENABLE_STRICT_OBJC_MSGSEND = YES;
				GCC_C_LANGUAGE_STANDARD = gnu99;
				GCC_WARN_64_TO_32_BIT_CONVERSION = YES;
				GCC_WARN_ABOUT_RETURN_TYPE = YES_ERROR;
				GCC_WARN_UNDECLARED_SELECTOR = YES;
				GCC_WARN_UNINITIALIZED_AUTOS = YES_AGGRESSIVE;
				GCC_WARN_UNUSED_FUNCTION = YES;
				GCC_WARN_UNUSED_VARIABLE = YES;
				IPHONEOS_DEPLOYMENT_TARGET = 8.1;
				MTL_ENABLE_DEBUG_INFO = NO;
				SDKROOT = iphoneos;
				TARGETED_DEVICE_FAMILY = "1,2";
				VALIDATE_PRODUCT = YES;
			};
			name = Release;
		};
		E14884431A73280400723877 /* Debug */ = {
			isa = XCBuildConfiguration;
			buildSettings = {
				ASSETCATALOG_COMPILER_APPICON_NAME = AppIcon;
				INFOPLIST_FILE = ToDoList/Info.plist;
				LD_RUNPATH_SEARCH_PATHS = "$(inherited) @executable_path/Frameworks";
				PRODUCT_NAME = "$(TARGET_NAME)";
			};
			name = Debug;
		};
		E14884441A73280400723877 /* Release */ = {
			isa = XCBuildConfiguration;
			buildSettings = {
				ASSETCATALOG_COMPILER_APPICON_NAME = AppIcon;
				INFOPLIST_FILE = ToDoList/Info.plist;
				LD_RUNPATH_SEARCH_PATHS = "$(inherited) @executable_path/Frameworks";
				PRODUCT_NAME = "$(TARGET_NAME)";
			};
			name = Release;
		};
		E14884461A73280400723877 /* Debug */ = {
			isa = XCBuildConfiguration;
			buildSettings = {
				BUNDLE_LOADER = "$(TEST_HOST)";
				FRAMEWORK_SEARCH_PATHS = (
					"$(SDKROOT)/Developer/Library/Frameworks",
					"$(inherited)",
				);
				GCC_PREPROCESSOR_DEFINITIONS = (
					"DEBUG=1",
					"$(inherited)",
				);
				INFOPLIST_FILE = ToDoListTests/Info.plist;
				LD_RUNPATH_SEARCH_PATHS = "$(inherited) @executable_path/Frameworks @loader_path/Frameworks";
				PRODUCT_NAME = "$(TARGET_NAME)";
				TEST_HOST = "$(BUILT_PRODUCTS_DIR)/ToDoList.app/ToDoList";
			};
			name = Debug;
		};
		E14884471A73280400723877 /* Release */ = {
			isa = XCBuildConfiguration;
			buildSettings = {
				BUNDLE_LOADER = "$(TEST_HOST)";
				FRAMEWORK_SEARCH_PATHS = (
					"$(SDKROOT)/Developer/Library/Frameworks",
					"$(inherited)",
				);
				INFOPLIST_FILE = ToDoListTests/Info.plist;
				LD_RUNPATH_SEARCH_PATHS = "$(inherited) @executable_path/Frameworks @loader_path/Frameworks";
				PRODUCT_NAME = "$(TARGET_NAME)";
				TEST_HOST = "$(BUILT_PRODUCTS_DIR)/ToDoList.app/ToDoList";
			};
			name = Release;
		};
/* End XCBuildConfiguration section */

/* Begin XCConfigurationList section */
		E148841A1A73280100723877 /* Build configuration list for PBXProject "ToDoList" */ = {
			isa = XCConfigurationList;
			buildConfigurations = (
				E14884401A73280400723877 /* Debug */,
				E14884411A73280400723877 /* Release */,
			);
			defaultConfigurationIsVisible = 0;
			defaultConfigurationName = Release;
		};
		E14884421A73280400723877 /* Build configuration list for PBXNativeTarget "ToDoList" */ = {
			isa = XCConfigurationList;
			buildConfigurations = (
				E14884431A73280400723877 /* Debug */,
				E14884441A73280400723877 /* Release */,
			);
			defaultConfigurationIsVisible = 0;
		};
		E14884451A73280400723877 /* Build configuration list for PBXNativeTarget "ToDoListTests" */ = {
			isa = XCConfigurationList;
			buildConfigurations = (
				E14884461A73280400723877 /* Debug */,
				E14884471A73280400723877 /* Release */,
			);
			defaultConfigurationIsVisible = 0;
		};
/* End XCConfigurationList section */
	};
	rootObject = E14884171A73280100723877 /* Project object */;
}
